{
  "name": "josnlib",
  "version": "0.2.0",
  "lockfileVersion": 3,
  "requires": true,
  "packages": {
    "": {
      "name": "josnlib",
      "version": "0.2.0",
      "license": "MIT",
      "dependencies": {
        "jslice": "^0.10.0",
        "jtransform": "^0.3.0",
        "whichtype": "^1.4.0"
      }
    },
    "node_modules/jslice": {
      "version": "0.10.0",
      "resolved": "https://registry.npmjs.org/jslice/-/jslice-0.10.0.tgz",
      "integrity": "sha512-Usdj8rDBmqhMRaIJYaz0FBNKESxKyfS4mSfyFW9QvRfH3/eb/HWbEJ/cCRniOmCRB7CvWyG/5HHstncF3tBlhw=="
    },
    "node_modules/jtransform": {
      "version": "0.3.0",
      "resolved": "https://registry.npmjs.org/jtransform/-/jtransform-0.3.0.tgz",
      "integrity": "sha512-Dp96Ec9HOlo159v1ENYfrkqsFzgjCxRcay7F7yGbKvkaFPbvNRXNj7U3q94uzoy/f/NcfW2xhsfSjxriJBT4xw==",
      "dependencies": {
        "whichtype": "^1.0.2"
      }
    },
    "node_modules/whichtype": {
      "version": "1.4.0",
      "resolved": "https://registry.npmjs.org/whichtype/-/whichtype-1.4.0.tgz",
      "integrity": "sha512-HCGDLKFhwzrVbQl4DIPqOD0YtNgdFfSA2jUuhBDxyIoEq+ahm7+kreEinNWEzq/yOjgl65GIEFV0Z6q0lC31jg=="
    }
  }
}
